
Microsoft Visual Studio Solution File, Format Version 12.00
# Visual Studio 15
VisualStudioVersion = 15.0.27004.2010
MinimumVisualStudioVersion = 10.0.40219.1
Project("{FAE04EC0-301F-11D3-BF4B-00C04F79EFBC}") = "ConsolidatedTraits", "ConsolidatedTraits.csproj", "{F7CA6E64-0F04-4A4F-A6F1-77B90F63D138}"
EndProject
Global
	GlobalSection(SolutionConfigurationPlatforms) = preSolution
		Debug|Any CPU = Debug|Any CPU
		Release|Any CPU = Release|Any CPU
	EndGlobalSection
	GlobalSection(ProjectConfigurationPlatforms) = postSolution
		{F7CA6E64-0F04-4A4F-A6F1-77B90F63D138}.Debug|Any CPU.ActiveCfg = Debug|Any CPU
		{F7CA6E64-0F04-4A4F-A6F1-77B90F63D138}.Debug|Any CPU.Build.0 = Debug|Any CPU
		{F7CA6E64-0F04-4A4F-A6F1-77B90F63D138}.Release|Any CPU.ActiveCfg = Release|Any CPU
		{F7CA6E64-0F04-4A4F-A6F1-77B90F63D138}.Release|Any CPU.Build.0 = Release|Any CPU
	EndGlobalSection
	GlobalSection(SolutionProperties) = preSolution
		HideSolutionNode = FALSE
	EndGlobalSection
	GlobalSection(ExtensibilityGlobals) = postSolution
		SolutionGuid = {24464AD8-CEFA-4DF8-875E-6866E9F8046B}
	EndGlobalSection
EndGlobal
